
Microsoft Visual Studio Solution File, Format Version 12.00
# Visual Studio Version 16
VisualStudioVersion = 16.0.29020.237
MinimumVisualStudioVersion = 10.0.40219.1
Project("{FAE04EC0-301F-11D3-BF4B-00C04F79EFBC}") = "Ćwiczonka", "Ćwiczonka.csproj", "{F9CB140F-ACAB-4E76-815C-526CFDAF1BAE}"
EndProject
Global
	GlobalSection(SolutionConfigurationPlatforms) = preSolution
		Debug|Any CPU = Debug|Any CPU
		Release|Any CPU = Release|Any CPU
	EndGlobalSection
	GlobalSection(ProjectConfigurationPlatforms) = postSolution
		{F9CB140F-ACAB-4E76-815C-526CFDAF1BAE}.Debug|Any CPU.ActiveCfg = Debug|Any CPU
		{F9CB140F-ACAB-4E76-815C-526CFDAF1BAE}.Debug|Any CPU.Build.0 = Debug|Any CPU
		{F9CB140F-ACAB-4E76-815C-526CFDAF1BAE}.Release|Any CPU.ActiveCfg = Release|Any CPU
		{F9CB140F-ACAB-4E76-815C-526CFDAF1BAE}.Release|Any CPU.Build.0 = Release|Any CPU
	EndGlobalSection
	GlobalSection(SolutionProperties) = preSolution
		HideSolutionNode = FALSE
	EndGlobalSection
	GlobalSection(ExtensibilityGlobals) = postSolution
		SolutionGuid = {E559825E-A9F8-4E95-94FB-598D6459144B}
	EndGlobalSection
EndGlobal
