
Microsoft Visual Studio Solution File, Format Version 12.00
# Visual Studio Version 16
VisualStudioVersion = 16.0.29020.237
MinimumVisualStudioVersion = 10.0.40219.1
Project("{FAE04EC0-301F-11D3-BF4B-00C04F79EFBC}") = "OsobaPilkarz", "OsobaPilkarz.csproj", "{8AB2F8EF-69E6-45F6-933D-943B5A12CC5A}"
EndProject
Global
	GlobalSection(SolutionConfigurationPlatforms) = preSolution
		Debug|Any CPU = Debug|Any CPU
		Release|Any CPU = Release|Any CPU
	EndGlobalSection
	GlobalSection(ProjectConfigurationPlatforms) = postSolution
		{8AB2F8EF-69E6-45F6-933D-943B5A12CC5A}.Debug|Any CPU.ActiveCfg = Debug|Any CPU
		{8AB2F8EF-69E6-45F6-933D-943B5A12CC5A}.Debug|Any CPU.Build.0 = Debug|Any CPU
		{8AB2F8EF-69E6-45F6-933D-943B5A12CC5A}.Release|Any CPU.ActiveCfg = Release|Any CPU
		{8AB2F8EF-69E6-45F6-933D-943B5A12CC5A}.Release|Any CPU.Build.0 = Release|Any CPU
	EndGlobalSection
	GlobalSection(SolutionProperties) = preSolution
		HideSolutionNode = FALSE
	EndGlobalSection
	GlobalSection(ExtensibilityGlobals) = postSolution
		SolutionGuid = {7AC6327D-5D13-4B03-B0F1-49DEECF27184}
	EndGlobalSection
EndGlobal
