
Microsoft Visual Studio Solution File, Format Version 12.00
# Visual Studio Version 16
VisualStudioVersion = 16.0.29020.237
MinimumVisualStudioVersion = 10.0.40219.1
Project("{FAE04EC0-301F-11D3-BF4B-00C04F79EFBC}") = "MJ_Dzienniczek", "MJ_Dzienniczek.csproj", "{0A6BDD81-CFA1-4E08-A560-6C31F050C6C6}"
EndProject
Project("{FAE04EC0-301F-11D3-BF4B-00C04F79EFBC}") = "StudentDiary", "..\StudentDiary\StudentDiary.csproj", "{61D2DA92-E6D8-47E1-B1A8-97BBE7CB6270}"
EndProject
Global
	GlobalSection(SolutionConfigurationPlatforms) = preSolution
		Debug|Any CPU = Debug|Any CPU
		Release|Any CPU = Release|Any CPU
	EndGlobalSection
	GlobalSection(ProjectConfigurationPlatforms) = postSolution
		{0A6BDD81-CFA1-4E08-A560-6C31F050C6C6}.Debug|Any CPU.ActiveCfg = Debug|Any CPU
		{0A6BDD81-CFA1-4E08-A560-6C31F050C6C6}.Debug|Any CPU.Build.0 = Debug|Any CPU
		{0A6BDD81-CFA1-4E08-A560-6C31F050C6C6}.Release|Any CPU.ActiveCfg = Release|Any CPU
		{0A6BDD81-CFA1-4E08-A560-6C31F050C6C6}.Release|Any CPU.Build.0 = Release|Any CPU
		{61D2DA92-E6D8-47E1-B1A8-97BBE7CB6270}.Debug|Any CPU.ActiveCfg = Debug|Any CPU
		{61D2DA92-E6D8-47E1-B1A8-97BBE7CB6270}.Debug|Any CPU.Build.0 = Debug|Any CPU
		{61D2DA92-E6D8-47E1-B1A8-97BBE7CB6270}.Release|Any CPU.ActiveCfg = Release|Any CPU
		{61D2DA92-E6D8-47E1-B1A8-97BBE7CB6270}.Release|Any CPU.Build.0 = Release|Any CPU
	EndGlobalSection
	GlobalSection(SolutionProperties) = preSolution
		HideSolutionNode = FALSE
	EndGlobalSection
	GlobalSection(ExtensibilityGlobals) = postSolution
		SolutionGuid = {F3CAB70C-FB2E-4A90-91AA-13ADA108D329}
	EndGlobalSection
EndGlobal
