
Microsoft Visual Studio Solution File, Format Version 12.00
# Visual Studio Version 16
VisualStudioVersion = 16.0.28803.452
MinimumVisualStudioVersion = 10.0.40219.1
Project("{FAE04EC0-301F-11D3-BF4B-00C04F79EFBC}") = "KLASY2", "KLASY2.csproj", "{67414774-951E-4AC6-BF49-9C52A52B4C89}"
EndProject
Global
	GlobalSection(SolutionConfigurationPlatforms) = preSolution
		Debug|Any CPU = Debug|Any CPU
		Release|Any CPU = Release|Any CPU
	EndGlobalSection
	GlobalSection(ProjectConfigurationPlatforms) = postSolution
		{67414774-951E-4AC6-BF49-9C52A52B4C89}.Debug|Any CPU.ActiveCfg = Debug|Any CPU
		{67414774-951E-4AC6-BF49-9C52A52B4C89}.Debug|Any CPU.Build.0 = Debug|Any CPU
		{67414774-951E-4AC6-BF49-9C52A52B4C89}.Release|Any CPU.ActiveCfg = Release|Any CPU
		{67414774-951E-4AC6-BF49-9C52A52B4C89}.Release|Any CPU.Build.0 = Release|Any CPU
	EndGlobalSection
	GlobalSection(SolutionProperties) = preSolution
		HideSolutionNode = FALSE
	EndGlobalSection
	GlobalSection(ExtensibilityGlobals) = postSolution
		SolutionGuid = {E6FD303E-5CB6-4373-AD62-88F67C4B7A7F}
	EndGlobalSection
EndGlobal
