
Microsoft Visual Studio Solution File, Format Version 12.00
# Visual Studio Version 16
VisualStudioVersion = 16.0.29020.237
MinimumVisualStudioVersion = 10.0.40219.1
Project("{9A19103F-16F7-4668-BE54-9A1E7A4F7556}") = "LongestArray", "LongestArray.csproj", "{545C173B-0375-444F-B4BD-82942B9F260E}"
EndProject
Project("{FAE04EC0-301F-11D3-BF4B-00C04F79EFBC}") = "Table,Del", "..\Table,Del\Table,Del.csproj", "{22323477-1697-480D-9683-D80CEFC79A4F}"
EndProject
Global
	GlobalSection(SolutionConfigurationPlatforms) = preSolution
		Debug|Any CPU = Debug|Any CPU
		Release|Any CPU = Release|Any CPU
	EndGlobalSection
	GlobalSection(ProjectConfigurationPlatforms) = postSolution
		{545C173B-0375-444F-B4BD-82942B9F260E}.Debug|Any CPU.ActiveCfg = Debug|Any CPU
		{545C173B-0375-444F-B4BD-82942B9F260E}.Debug|Any CPU.Build.0 = Debug|Any CPU
		{545C173B-0375-444F-B4BD-82942B9F260E}.Release|Any CPU.ActiveCfg = Release|Any CPU
		{545C173B-0375-444F-B4BD-82942B9F260E}.Release|Any CPU.Build.0 = Release|Any CPU
		{22323477-1697-480D-9683-D80CEFC79A4F}.Debug|Any CPU.ActiveCfg = Debug|Any CPU
		{22323477-1697-480D-9683-D80CEFC79A4F}.Debug|Any CPU.Build.0 = Debug|Any CPU
		{22323477-1697-480D-9683-D80CEFC79A4F}.Release|Any CPU.ActiveCfg = Release|Any CPU
		{22323477-1697-480D-9683-D80CEFC79A4F}.Release|Any CPU.Build.0 = Release|Any CPU
	EndGlobalSection
	GlobalSection(SolutionProperties) = preSolution
		HideSolutionNode = FALSE
	EndGlobalSection
	GlobalSection(ExtensibilityGlobals) = postSolution
		SolutionGuid = {6C5681B9-7694-4B1E-99B9-06D4637ACB60}
	EndGlobalSection
EndGlobal
