
Microsoft Visual Studio Solution File, Format Version 12.00
# Visual Studio Version 16
VisualStudioVersion = 16.0.28803.156
MinimumVisualStudioVersion = 10.0.40219.1
Project("{FAE04EC0-301F-11D3-BF4B-00C04F79EFBC}") = "Nauka", "Nauka\Nauka.csproj", "{607E1047-4717-48E9-9217-D191FEE43352}"
EndProject
Global
	GlobalSection(SolutionConfigurationPlatforms) = preSolution
		Debug|Any CPU = Debug|Any CPU
		Release|Any CPU = Release|Any CPU
	EndGlobalSection
	GlobalSection(ProjectConfigurationPlatforms) = postSolution
		{607E1047-4717-48E9-9217-D191FEE43352}.Debug|Any CPU.ActiveCfg = Debug|Any CPU
		{607E1047-4717-48E9-9217-D191FEE43352}.Debug|Any CPU.Build.0 = Debug|Any CPU
		{607E1047-4717-48E9-9217-D191FEE43352}.Release|Any CPU.ActiveCfg = Release|Any CPU
		{607E1047-4717-48E9-9217-D191FEE43352}.Release|Any CPU.Build.0 = Release|Any CPU
	EndGlobalSection
	GlobalSection(SolutionProperties) = preSolution
		HideSolutionNode = FALSE
	EndGlobalSection
	GlobalSection(ExtensibilityGlobals) = postSolution
		SolutionGuid = {CFCA0A03-3CF3-4C65-8100-4FCD06639326}
	EndGlobalSection
EndGlobal
