
Microsoft Visual Studio Solution File, Format Version 12.00
# Visual Studio Version 16
VisualStudioVersion = 16.0.29020.237
MinimumVisualStudioVersion = 10.0.40219.1
Project("{FAE04EC0-301F-11D3-BF4B-00C04F79EFBC}") = "WartoscinullDlaTypowWartosciowych", "WartoscinullDlaTypowWartosciowych.csproj", "{78C53FC9-BEC8-45AD-A751-AA5716F2F55C}"
EndProject
Global
	GlobalSection(SolutionConfigurationPlatforms) = preSolution
		Debug|Any CPU = Debug|Any CPU
		Release|Any CPU = Release|Any CPU
	EndGlobalSection
	GlobalSection(ProjectConfigurationPlatforms) = postSolution
		{78C53FC9-BEC8-45AD-A751-AA5716F2F55C}.Debug|Any CPU.ActiveCfg = Debug|Any CPU
		{78C53FC9-BEC8-45AD-A751-AA5716F2F55C}.Debug|Any CPU.Build.0 = Debug|Any CPU
		{78C53FC9-BEC8-45AD-A751-AA5716F2F55C}.Release|Any CPU.ActiveCfg = Release|Any CPU
		{78C53FC9-BEC8-45AD-A751-AA5716F2F55C}.Release|Any CPU.Build.0 = Release|Any CPU
	EndGlobalSection
	GlobalSection(SolutionProperties) = preSolution
		HideSolutionNode = FALSE
	EndGlobalSection
	GlobalSection(ExtensibilityGlobals) = postSolution
		SolutionGuid = {FE67EDA2-B3CA-456B-8CC7-5A0D17DACF5A}
	EndGlobalSection
EndGlobal
