
Microsoft Visual Studio Solution File, Format Version 12.00
# Visual Studio Version 16
VisualStudioVersion = 16.0.29020.237
MinimumVisualStudioVersion = 10.0.40219.1
Project("{FAE04EC0-301F-11D3-BF4B-00C04F79EFBC}") = "Zadankodziedziczenie", "Zadankodziedziczenie.csproj", "{7E5A7923-723C-44EA-A337-4F670B8CA862}"
EndProject
Global
	GlobalSection(SolutionConfigurationPlatforms) = preSolution
		Debug|Any CPU = Debug|Any CPU
		Release|Any CPU = Release|Any CPU
	EndGlobalSection
	GlobalSection(ProjectConfigurationPlatforms) = postSolution
		{7E5A7923-723C-44EA-A337-4F670B8CA862}.Debug|Any CPU.ActiveCfg = Debug|Any CPU
		{7E5A7923-723C-44EA-A337-4F670B8CA862}.Debug|Any CPU.Build.0 = Debug|Any CPU
		{7E5A7923-723C-44EA-A337-4F670B8CA862}.Release|Any CPU.ActiveCfg = Release|Any CPU
		{7E5A7923-723C-44EA-A337-4F670B8CA862}.Release|Any CPU.Build.0 = Release|Any CPU
	EndGlobalSection
	GlobalSection(SolutionProperties) = preSolution
		HideSolutionNode = FALSE
	EndGlobalSection
	GlobalSection(ExtensibilityGlobals) = postSolution
		SolutionGuid = {C5CDE5EC-AE2E-4F60-949B-AF2B1DEEA55E}
	EndGlobalSection
EndGlobal
