
Microsoft Visual Studio Solution File, Format Version 12.00
# Visual Studio Version 16
VisualStudioVersion = 16.0.29020.237
MinimumVisualStudioVersion = 10.0.40219.1
Project("{FAE04EC0-301F-11D3-BF4B-00C04F79EFBC}") = "Solo1", "Solo1.csproj", "{C695015A-7A13-414C-B549-839E269702CC}"
EndProject
Global
	GlobalSection(SolutionConfigurationPlatforms) = preSolution
		Debug|Any CPU = Debug|Any CPU
		Release|Any CPU = Release|Any CPU
	EndGlobalSection
	GlobalSection(ProjectConfigurationPlatforms) = postSolution
		{C695015A-7A13-414C-B549-839E269702CC}.Debug|Any CPU.ActiveCfg = Debug|Any CPU
		{C695015A-7A13-414C-B549-839E269702CC}.Debug|Any CPU.Build.0 = Debug|Any CPU
		{C695015A-7A13-414C-B549-839E269702CC}.Release|Any CPU.ActiveCfg = Release|Any CPU
		{C695015A-7A13-414C-B549-839E269702CC}.Release|Any CPU.Build.0 = Release|Any CPU
	EndGlobalSection
	GlobalSection(SolutionProperties) = preSolution
		HideSolutionNode = FALSE
	EndGlobalSection
	GlobalSection(ExtensibilityGlobals) = postSolution
		SolutionGuid = {6D3EB188-02E7-496D-8019-A19857291E8A}
	EndGlobalSection
EndGlobal
