
Microsoft Visual Studio Solution File, Format Version 12.00
# Visual Studio Version 16
VisualStudioVersion = 16.0.29020.237
MinimumVisualStudioVersion = 10.0.40219.1
Project("{FAE04EC0-301F-11D3-BF4B-00C04F79EFBC}") = "StringAllMetod", "StringAllMetod.csproj", "{090A9B3E-8982-4875-852A-25CB9CAE202D}"
EndProject
Global
	GlobalSection(SolutionConfigurationPlatforms) = preSolution
		Debug|Any CPU = Debug|Any CPU
		Release|Any CPU = Release|Any CPU
	EndGlobalSection
	GlobalSection(ProjectConfigurationPlatforms) = postSolution
		{090A9B3E-8982-4875-852A-25CB9CAE202D}.Debug|Any CPU.ActiveCfg = Debug|Any CPU
		{090A9B3E-8982-4875-852A-25CB9CAE202D}.Debug|Any CPU.Build.0 = Debug|Any CPU
		{090A9B3E-8982-4875-852A-25CB9CAE202D}.Release|Any CPU.ActiveCfg = Release|Any CPU
		{090A9B3E-8982-4875-852A-25CB9CAE202D}.Release|Any CPU.Build.0 = Release|Any CPU
	EndGlobalSection
	GlobalSection(SolutionProperties) = preSolution
		HideSolutionNode = FALSE
	EndGlobalSection
	GlobalSection(ExtensibilityGlobals) = postSolution
		SolutionGuid = {5693FF1C-BCB7-4B23-B95C-A014349DAA4E}
	EndGlobalSection
EndGlobal
