
Microsoft Visual Studio Solution File, Format Version 12.00
# Visual Studio Version 16
VisualStudioVersion = 16.0.28803.452
MinimumVisualStudioVersion = 10.0.40219.1
Project("{FAE04EC0-301F-11D3-BF4B-00C04F79EFBC}") = "DziediczeniePolimorfizm", "DziediczeniePolimorfizm.csproj", "{779155BC-9D39-4208-965A-09A3D2088EDA}"
EndProject
Global
	GlobalSection(SolutionConfigurationPlatforms) = preSolution
		Debug|Any CPU = Debug|Any CPU
		Release|Any CPU = Release|Any CPU
	EndGlobalSection
	GlobalSection(ProjectConfigurationPlatforms) = postSolution
		{779155BC-9D39-4208-965A-09A3D2088EDA}.Debug|Any CPU.ActiveCfg = Debug|Any CPU
		{779155BC-9D39-4208-965A-09A3D2088EDA}.Debug|Any CPU.Build.0 = Debug|Any CPU
		{779155BC-9D39-4208-965A-09A3D2088EDA}.Release|Any CPU.ActiveCfg = Release|Any CPU
		{779155BC-9D39-4208-965A-09A3D2088EDA}.Release|Any CPU.Build.0 = Release|Any CPU
	EndGlobalSection
	GlobalSection(SolutionProperties) = preSolution
		HideSolutionNode = FALSE
	EndGlobalSection
	GlobalSection(ExtensibilityGlobals) = postSolution
		SolutionGuid = {B1EA8753-9171-4E5B-9C5F-FF8BAC7A1BF2}
	EndGlobalSection
EndGlobal
