
Microsoft Visual Studio Solution File, Format Version 12.00
# Visual Studio Version 16
VisualStudioVersion = 16.0.29020.237
MinimumVisualStudioVersion = 10.0.40219.1
Project("{FAE04EC0-301F-11D3-BF4B-00C04F79EFBC}") = "Obiektówka", "Obiektówka.csproj", "{C8372A92-D2C0-455B-AE14-3006922822D9}"
EndProject
Global
	GlobalSection(SolutionConfigurationPlatforms) = preSolution
		Debug|Any CPU = Debug|Any CPU
		Release|Any CPU = Release|Any CPU
	EndGlobalSection
	GlobalSection(ProjectConfigurationPlatforms) = postSolution
		{C8372A92-D2C0-455B-AE14-3006922822D9}.Debug|Any CPU.ActiveCfg = Debug|Any CPU
		{C8372A92-D2C0-455B-AE14-3006922822D9}.Debug|Any CPU.Build.0 = Debug|Any CPU
		{C8372A92-D2C0-455B-AE14-3006922822D9}.Release|Any CPU.ActiveCfg = Release|Any CPU
		{C8372A92-D2C0-455B-AE14-3006922822D9}.Release|Any CPU.Build.0 = Release|Any CPU
	EndGlobalSection
	GlobalSection(SolutionProperties) = preSolution
		HideSolutionNode = FALSE
	EndGlobalSection
	GlobalSection(ExtensibilityGlobals) = postSolution
		SolutionGuid = {60613743-E0B6-431B-B77E-4C0E0AEB6166}
	EndGlobalSection
EndGlobal
