
Microsoft Visual Studio Solution File, Format Version 12.00
# Visual Studio Version 16
VisualStudioVersion = 16.0.29020.237
MinimumVisualStudioVersion = 10.0.40219.1
Project("{FAE04EC0-301F-11D3-BF4B-00C04F79EFBC}") = "YTKRS", "YTKRS.csproj", "{C708DB43-ACAA-46B6-A76C-ED61A1564E02}"
EndProject
Global
	GlobalSection(SolutionConfigurationPlatforms) = preSolution
		Debug|Any CPU = Debug|Any CPU
		Release|Any CPU = Release|Any CPU
	EndGlobalSection
	GlobalSection(ProjectConfigurationPlatforms) = postSolution
		{C708DB43-ACAA-46B6-A76C-ED61A1564E02}.Debug|Any CPU.ActiveCfg = Debug|Any CPU
		{C708DB43-ACAA-46B6-A76C-ED61A1564E02}.Debug|Any CPU.Build.0 = Debug|Any CPU
		{C708DB43-ACAA-46B6-A76C-ED61A1564E02}.Release|Any CPU.ActiveCfg = Release|Any CPU
		{C708DB43-ACAA-46B6-A76C-ED61A1564E02}.Release|Any CPU.Build.0 = Release|Any CPU
	EndGlobalSection
	GlobalSection(SolutionProperties) = preSolution
		HideSolutionNode = FALSE
	EndGlobalSection
	GlobalSection(ExtensibilityGlobals) = postSolution
		SolutionGuid = {E3B62CB5-4D5D-4321-8027-FFC184EC3C45}
	EndGlobalSection
EndGlobal
